
Microsoft Visual Studio Solution File, Format Version 12.00
# Visual Studio Version 16
VisualStudioVersion = 16.0.29306.81
MinimumVisualStudioVersion = 10.0.40219.1
Project("{FAE04EC0-301F-11D3-BF4B-00C04F79EFBC}") = "BigDog", "BigDog\BigDog.csproj", "{FDB1ED2D-DAAB-464C-A509-D4BD9CB6C6E2}"
EndProject
Global
	GlobalSection(SolutionConfigurationPlatforms) = preSolution
		Debug|Any CPU = Debug|Any CPU
		Release|Any CPU = Release|Any CPU
	EndGlobalSection
	GlobalSection(ProjectConfigurationPlatforms) = postSolution
		{FDB1ED2D-DAAB-464C-A509-D4BD9CB6C6E2}.Debug|Any CPU.ActiveCfg = Debug|Any CPU
		{FDB1ED2D-DAAB-464C-A509-D4BD9CB6C6E2}.Debug|Any CPU.Build.0 = Debug|Any CPU
		{FDB1ED2D-DAAB-464C-A509-D4BD9CB6C6E2}.Release|Any CPU.ActiveCfg = Release|Any CPU
		{FDB1ED2D-DAAB-464C-A509-D4BD9CB6C6E2}.Release|Any CPU.Build.0 = Release|Any CPU
	EndGlobalSection
	GlobalSection(SolutionProperties) = preSolution
		HideSolutionNode = FALSE
	EndGlobalSection
	GlobalSection(ExtensibilityGlobals) = postSolution
		SolutionGuid = {0A648F37-19AD-4DBE-86DB-F225EE85B897}
	EndGlobalSection
EndGlobal
